// !$*UTF8*$!
{
	archiveVersion = 1;
	classes = {
	};
	objectVersion = 46;
	objects = {

/* Begin PBXBuildFile section */
		41101B13A73C06BF6C725E49 /* Pods_Cycl.framework in Frameworks */ = {isa = PBXBuildFile; fileRef = 80E75B6B023D9F7523A58659 /* Pods_Cycl.framework */; };
		B43DBF441DEE356F0069430F /* AppDelegate.swift in Sources */ = {isa = PBXBuildFile; fileRef = B43DBF431DEE356F0069430F /* AppDelegate.swift */; };
		B43DBF461DEE356F0069430F /* MapViewController.swift in Sources */ = {isa = PBXBuildFile; fileRef = B43DBF451DEE356F0069430F /* MapViewController.swift */; };
		B43DBF491DEE356F0069430F /* Main.storyboard in Resources */ = {isa = PBXBuildFile; fileRef = B43DBF471DEE356F0069430F /* Main.storyboard */; };
		B43DBF4C1DEE356F0069430F /* Cycl.xcdatamodeld in Sources */ = {isa = PBXBuildFile; fileRef = B43DBF4A1DEE356F0069430F /* Cycl.xcdatamodeld */; };
		B43DBF4E1DEE356F0069430F /* Assets.xcassets in Resources */ = {isa = PBXBuildFile; fileRef = B43DBF4D1DEE356F0069430F /* Assets.xcassets */; };
		B43DBF511DEE356F0069430F /* LaunchScreen.storyboard in Resources */ = {isa = PBXBuildFile; fileRef = B43DBF4F1DEE356F0069430F /* LaunchScreen.storyboard */; };
		B43DBF591DF0D2B30069430F /* Keys.plist in Resources */ = {isa = PBXBuildFile; fileRef = B43DBF581DF0D2B30069430F /* Keys.plist */; };
		B43DBF6B1DF293710069430F /* MapViewControllerDelegate.swift in Sources */ = {isa = PBXBuildFile; fileRef = B43DBF6A1DF293710069430F /* MapViewControllerDelegate.swift */; };
		B43DBF751DF791D00069430F /* GoogleAPIWrapper.swift in Sources */ = {isa = PBXBuildFile; fileRef = B43DBF741DF791D00069430F /* GoogleAPIWrapper.swift */; };
		B4AE9F401DFE1C2C00EB089C /* RouteType.swift in Sources */ = {isa = PBXBuildFile; fileRef = B4AE9F3F1DFE1C2C00EB089C /* RouteType.swift */; };
		B4E9319D1DFC96EE0030F906 /* Route.swift in Sources */ = {isa = PBXBuildFile; fileRef = B4E9319C1DFC96EE0030F906 /* Route.swift */; };
		E6084C7C1E00779A00C07E10 /* LGHorizontalLinearFlowLayout.swift in Sources */ = {isa = PBXBuildFile; fileRef = E6084C7B1E00779A00C07E10 /* LGHorizontalLinearFlowLayout.swift */; };
		E6084C7E1E0077A000C07E10 /* RouteDetailsCollectionViewCell.swift in Sources */ = {isa = PBXBuildFile; fileRef = E6084C7D1E0077A000C07E10 /* RouteDetailsCollectionViewCell.swift */; };
		E6084C801E0077A700C07E10 /* RouteNameCollectionViewCell.swift in Sources */ = {isa = PBXBuildFile; fileRef = E6084C7F1E0077A700C07E10 /* RouteNameCollectionViewCell.swift */; };
		E60CFA7F1E1301690087F1B3 /* DirectionViewController.swift in Sources */ = {isa = PBXBuildFile; fileRef = E60CFA7E1E1301690087F1B3 /* DirectionViewController.swift */; };
		E60CFA811E13017D0087F1B3 /* DirectionTableViewCell.swift in Sources */ = {isa = PBXBuildFile; fileRef = E60CFA801E13017D0087F1B3 /* DirectionTableViewCell.swift */; };
		E66958F81E03BD35001861A2 /* SearchViewController.swift in Sources */ = {isa = PBXBuildFile; fileRef = E66958F71E03BD35001861A2 /* SearchViewController.swift */; };
/* End PBXBuildFile section */

/* Begin PBXFileReference section */
		794CACA256F2E341F3CB15C1 /* Pods-Cycl.debug.xcconfig */ = {isa = PBXFileReference; includeInIndex = 1; lastKnownFileType = text.xcconfig; name = "Pods-Cycl.debug.xcconfig"; path = "Pods/Target Support Files/Pods-Cycl/Pods-Cycl.debug.xcconfig"; sourceTree = "<group>"; };
		80E75B6B023D9F7523A58659 /* Pods_Cycl.framework */ = {isa = PBXFileReference; explicitFileType = wrapper.framework; includeInIndex = 0; path = Pods_Cycl.framework; sourceTree = BUILT_PRODUCTS_DIR; };
		B43DBF401DEE356F0069430F /* Cycl.app */ = {isa = PBXFileReference; explicitFileType = wrapper.application; includeInIndex = 0; path = Cycl.app; sourceTree = BUILT_PRODUCTS_DIR; };
		B43DBF431DEE356F0069430F /* AppDelegate.swift */ = {isa = PBXFileReference; lastKnownFileType = sourcecode.swift; path = AppDelegate.swift; sourceTree = "<group>"; };
		B43DBF451DEE356F0069430F /* MapViewController.swift */ = {isa = PBXFileReference; lastKnownFileType = sourcecode.swift; path = MapViewController.swift; sourceTree = "<group>"; };
		B43DBF481DEE356F0069430F /* Base */ = {isa = PBXFileReference; lastKnownFileType = file.storyboard; name = Base; path = Base.lproj/Main.storyboard; sourceTree = "<group>"; };
		B43DBF4B1DEE356F0069430F /* Cycl.xcdatamodel */ = {isa = PBXFileReference; lastKnownFileType = wrapper.xcdatamodel; path = Cycl.xcdatamodel; sourceTree = "<group>"; };
		B43DBF4D1DEE356F0069430F /* Assets.xcassets */ = {isa = PBXFileReference; lastKnownFileType = folder.assetcatalog; path = Assets.xcassets; sourceTree = "<group>"; };
		B43DBF501DEE356F0069430F /* Base */ = {isa = PBXFileReference; lastKnownFileType = file.storyboard; name = Base; path = Base.lproj/LaunchScreen.storyboard; sourceTree = "<group>"; };
		B43DBF521DEE356F0069430F /* Info.plist */ = {isa = PBXFileReference; lastKnownFileType = text.plist.xml; path = Info.plist; sourceTree = "<group>"; };
		B43DBF581DF0D2B30069430F /* Keys.plist */ = {isa = PBXFileReference; fileEncoding = 4; lastKnownFileType = text.plist.xml; path = Keys.plist; sourceTree = "<group>"; };
		B43DBF6A1DF293710069430F /* MapViewControllerDelegate.swift */ = {isa = PBXFileReference; fileEncoding = 4; lastKnownFileType = sourcecode.swift; path = MapViewControllerDelegate.swift; sourceTree = "<group>"; };
		B43DBF741DF791D00069430F /* GoogleAPIWrapper.swift */ = {isa = PBXFileReference; fileEncoding = 4; lastKnownFileType = sourcecode.swift; path = GoogleAPIWrapper.swift; sourceTree = "<group>"; };
		B4AE9F3F1DFE1C2C00EB089C /* RouteType.swift */ = {isa = PBXFileReference; fileEncoding = 4; lastKnownFileType = sourcecode.swift; path = RouteType.swift; sourceTree = "<group>"; };
		B4E9319C1DFC96EE0030F906 /* Route.swift */ = {isa = PBXFileReference; fileEncoding = 4; lastKnownFileType = sourcecode.swift; path = Route.swift; sourceTree = "<group>"; };
		E4E6B9F172A256DD0CFCF2DF /* Pods-Cycl.release.xcconfig */ = {isa = PBXFileReference; includeInIndex = 1; lastKnownFileType = text.xcconfig; name = "Pods-Cycl.release.xcconfig"; path = "Pods/Target Support Files/Pods-Cycl/Pods-Cycl.release.xcconfig"; sourceTree = "<group>"; };
		E6084C7B1E00779A00C07E10 /* LGHorizontalLinearFlowLayout.swift */ = {isa = PBXFileReference; fileEncoding = 4; lastKnownFileType = sourcecode.swift; path = LGHorizontalLinearFlowLayout.swift; sourceTree = "<group>"; };
		E6084C7D1E0077A000C07E10 /* RouteDetailsCollectionViewCell.swift */ = {isa = PBXFileReference; fileEncoding = 4; lastKnownFileType = sourcecode.swift; path = RouteDetailsCollectionViewCell.swift; sourceTree = "<group>"; };
		E6084C7F1E0077A700C07E10 /* RouteNameCollectionViewCell.swift */ = {isa = PBXFileReference; fileEncoding = 4; lastKnownFileType = sourcecode.swift; path = RouteNameCollectionViewCell.swift; sourceTree = "<group>"; };
		E60CFA7E1E1301690087F1B3 /* DirectionViewController.swift */ = {isa = PBXFileReference; fileEncoding = 4; lastKnownFileType = sourcecode.swift; path = DirectionViewController.swift; sourceTree = "<group>"; };
		E60CFA801E13017D0087F1B3 /* DirectionTableViewCell.swift */ = {isa = PBXFileReference; fileEncoding = 4; lastKnownFileType = sourcecode.swift; path = DirectionTableViewCell.swift; sourceTree = "<group>"; };
		E66958F71E03BD35001861A2 /* SearchViewController.swift */ = {isa = PBXFileReference; fileEncoding = 4; lastKnownFileType = sourcecode.swift; path = SearchViewController.swift; sourceTree = "<group>"; };
/* End PBXFileReference section */

/* Begin PBXFrameworksBuildPhase section */
		B43DBF3D1DEE356F0069430F /* Frameworks */ = {
			isa = PBXFrameworksBuildPhase;
			buildActionMask = 2147483647;
			files = (
				41101B13A73C06BF6C725E49 /* Pods_Cycl.framework in Frameworks */,
			);
			runOnlyForDeploymentPostprocessing = 0;
		};
/* End PBXFrameworksBuildPhase section */

/* Begin PBXGroup section */
		A9E2EA3365C28D59FA6CE520 /* Pods */ = {
			isa = PBXGroup;
			children = (
				794CACA256F2E341F3CB15C1 /* Pods-Cycl.debug.xcconfig */,
				E4E6B9F172A256DD0CFCF2DF /* Pods-Cycl.release.xcconfig */,
			);
			name = Pods;
			sourceTree = "<group>";
		};
		B43DBF371DEE356F0069430F = {
			isa = PBXGroup;
			children = (
				B43DBF421DEE356F0069430F /* Cycl */,
				B43DBF411DEE356F0069430F /* Products */,
				A9E2EA3365C28D59FA6CE520 /* Pods */,
				C0CDD3869D9CACDE303A00D5 /* Frameworks */,
			);
			sourceTree = "<group>";
		};
		B43DBF411DEE356F0069430F /* Products */ = {
			isa = PBXGroup;
			children = (
				B43DBF401DEE356F0069430F /* Cycl.app */,
			);
			name = Products;
			sourceTree = "<group>";
		};
		B43DBF421DEE356F0069430F /* Cycl */ = {
			isa = PBXGroup;
			children = (
				B43DBF731DF791BB0069430F /* Helper */,
				B43DBF651DF0E24B0069430F /* View */,
				B43DBF641DF0E2440069430F /* Delegate */,
				B43DBF631DF0E23F0069430F /* Model */,
				B43DBF621DF0E22A0069430F /* Controller */,
				B43DBF431DEE356F0069430F /* AppDelegate.swift */,
				B43DBF471DEE356F0069430F /* Main.storyboard */,
				B43DBF4D1DEE356F0069430F /* Assets.xcassets */,
				B43DBF4F1DEE356F0069430F /* LaunchScreen.storyboard */,
				B43DBF521DEE356F0069430F /* Info.plist */,
				B43DBF581DF0D2B30069430F /* Keys.plist */,
				B43DBF4A1DEE356F0069430F /* Cycl.xcdatamodeld */,
			);
			path = Cycl;
			sourceTree = "<group>";
		};
		B43DBF621DF0E22A0069430F /* Controller */ = {
			isa = PBXGroup;
			children = (
				B43DBF451DEE356F0069430F /* MapViewController.swift */,
				E66958F71E03BD35001861A2 /* SearchViewController.swift */,
				E60CFA7E1E1301690087F1B3 /* DirectionViewController.swift */,
			);
			name = Controller;
			sourceTree = "<group>";
		};
		B43DBF631DF0E23F0069430F /* Model */ = {
			isa = PBXGroup;
			children = (
				B4E9319C1DFC96EE0030F906 /* Route.swift */,
				B4AE9F3F1DFE1C2C00EB089C /* RouteType.swift */,
			);
			name = Model;
			sourceTree = "<group>";
		};
		B43DBF641DF0E2440069430F /* Delegate */ = {
			isa = PBXGroup;
			children = (
				B43DBF6A1DF293710069430F /* MapViewControllerDelegate.swift */,
			);
			name = Delegate;
			sourceTree = "<group>";
		};
		B43DBF651DF0E24B0069430F /* View */ = {
			isa = PBXGroup;
			children = (
				E6084C7B1E00779A00C07E10 /* LGHorizontalLinearFlowLayout.swift */,
				E6084C7F1E0077A700C07E10 /* RouteNameCollectionViewCell.swift */,
				E6084C7D1E0077A000C07E10 /* RouteDetailsCollectionViewCell.swift */,
				E60CFA801E13017D0087F1B3 /* DirectionTableViewCell.swift */,
			);
			name = View;
			sourceTree = "<group>";
		};
		B43DBF731DF791BB0069430F /* Helper */ = {
			isa = PBXGroup;
			children = (
				B43DBF741DF791D00069430F /* GoogleAPIWrapper.swift */,
			);
			name = Helper;
			sourceTree = "<group>";
		};
		C0CDD3869D9CACDE303A00D5 /* Frameworks */ = {
			isa = PBXGroup;
			children = (
				80E75B6B023D9F7523A58659 /* Pods_Cycl.framework */,
			);
			name = Frameworks;
			sourceTree = "<group>";
		};
/* End PBXGroup section */

/* Begin PBXNativeTarget section */
		B43DBF3F1DEE356F0069430F /* Cycl */ = {
			isa = PBXNativeTarget;
			buildConfigurationList = B43DBF551DEE356F0069430F /* Build configuration list for PBXNativeTarget "Cycl" */;
			buildPhases = (
				521F7BC490D375382CB400DB /* [CP] Check Pods Manifest.lock */,
				B43DBF3C1DEE356F0069430F /* Sources */,
				B43DBF3D1DEE356F0069430F /* Frameworks */,
				B43DBF3E1DEE356F0069430F /* Resources */,
				BC531F318156B6A9779CBDA5 /* [CP] Embed Pods Frameworks */,
				44D3773D45F7D8DA30A5D797 /* [CP] Copy Pods Resources */,
			);
			buildRules = (
			);
			dependencies = (
			);
			name = Cycl;
			productName = Cycl;
			productReference = B43DBF401DEE356F0069430F /* Cycl.app */;
			productType = "com.apple.product-type.application";
		};
/* End PBXNativeTarget section */

/* Begin PBXProject section */
		B43DBF381DEE356F0069430F /* Project object */ = {
			isa = PBXProject;
			attributes = {
				LastSwiftUpdateCheck = 0810;
				LastUpgradeCheck = 0810;
				ORGANIZATIONNAME = "Alex Aaron Peña";
				TargetAttributes = {
					B43DBF3F1DEE356F0069430F = {
						CreatedOnToolsVersion = 8.1;
						DevelopmentTeam = CWG8663V7A;
						ProvisioningStyle = Automatic;
					};
				};
			};
			buildConfigurationList = B43DBF3B1DEE356F0069430F /* Build configuration list for PBXProject "Cycl" */;
			compatibilityVersion = "Xcode 3.2";
			developmentRegion = English;
			hasScannedForEncodings = 0;
			knownRegions = (
				en,
				Base,
			);
			mainGroup = B43DBF371DEE356F0069430F;
			productRefGroup = B43DBF411DEE356F0069430F /* Products */;
			projectDirPath = "";
			projectRoot = "";
			targets = (
				B43DBF3F1DEE356F0069430F /* Cycl */,
			);
		};
/* End PBXProject section */

/* Begin PBXResourcesBuildPhase section */
		B43DBF3E1DEE356F0069430F /* Resources */ = {
			isa = PBXResourcesBuildPhase;
			buildActionMask = 2147483647;
			files = (
				B43DBF591DF0D2B30069430F /* Keys.plist in Resources */,
				B43DBF511DEE356F0069430F /* LaunchScreen.storyboard in Resources */,
				B43DBF4E1DEE356F0069430F /* Assets.xcassets in Resources */,
				B43DBF491DEE356F0069430F /* Main.storyboard in Resources */,
			);
			runOnlyForDeploymentPostprocessing = 0;
		};
/* End PBXResourcesBuildPhase section */

/* Begin PBXShellScriptBuildPhase section */
		44D3773D45F7D8DA30A5D797 /* [CP] Copy Pods Resources */ = {
			isa = PBXShellScriptBuildPhase;
			buildActionMask = 2147483647;
			files = (
			);
			inputPaths = (
			);
			name = "[CP] Copy Pods Resources";
			outputPaths = (
			);
			runOnlyForDeploymentPostprocessing = 0;
			shellPath = /bin/sh;
			shellScript = "\"${SRCROOT}/Pods/Target Support Files/Pods-Cycl/Pods-Cycl-resources.sh\"\n";
			showEnvVarsInLog = 0;
		};
		521F7BC490D375382CB400DB /* [CP] Check Pods Manifest.lock */ = {
			isa = PBXShellScriptBuildPhase;
			buildActionMask = 2147483647;
			files = (
			);
			inputPaths = (
			);
			name = "[CP] Check Pods Manifest.lock";
			outputPaths = (
			);
			runOnlyForDeploymentPostprocessing = 0;
			shellPath = /bin/sh;
			shellScript = "diff \"${PODS_ROOT}/../Podfile.lock\" \"${PODS_ROOT}/Manifest.lock\" > /dev/null\nif [ $? != 0 ] ; then\n    # print error to STDERR\n    echo \"error: The sandbox is not in sync with the Podfile.lock. Run 'pod install' or update your CocoaPods installation.\" >&2\n    exit 1\nfi\n";
			showEnvVarsInLog = 0;
		};
		BC531F318156B6A9779CBDA5 /* [CP] Embed Pods Frameworks */ = {
			isa = PBXShellScriptBuildPhase;
			buildActionMask = 2147483647;
			files = (
			);
			inputPaths = (
			);
			name = "[CP] Embed Pods Frameworks";
			outputPaths = (
			);
			runOnlyForDeploymentPostprocessing = 0;
			shellPath = /bin/sh;
			shellScript = "\"${SRCROOT}/Pods/Target Support Files/Pods-Cycl/Pods-Cycl-frameworks.sh\"\n";
			showEnvVarsInLog = 0;
		};
/* End PBXShellScriptBuildPhase section */

/* Begin PBXSourcesBuildPhase section */
		B43DBF3C1DEE356F0069430F /* Sources */ = {
			isa = PBXSourcesBuildPhase;
			buildActionMask = 2147483647;
			files = (
				E6084C7E1E0077A000C07E10 /* RouteDetailsCollectionViewCell.swift in Sources */,
				B43DBF6B1DF293710069430F /* MapViewControllerDelegate.swift in Sources */,
				E6084C7C1E00779A00C07E10 /* LGHorizontalLinearFlowLayout.swift in Sources */,
				B43DBF461DEE356F0069430F /* MapViewController.swift in Sources */,
				E60CFA811E13017D0087F1B3 /* DirectionTableViewCell.swift in Sources */,
				B43DBF4C1DEE356F0069430F /* Cycl.xcdatamodeld in Sources */,
				B43DBF441DEE356F0069430F /* AppDelegate.swift in Sources */,
				E66958F81E03BD35001861A2 /* SearchViewController.swift in Sources */,
				B4AE9F401DFE1C2C00EB089C /* RouteType.swift in Sources */,
				E60CFA7F1E1301690087F1B3 /* DirectionViewController.swift in Sources */,
				E6084C801E0077A700C07E10 /* RouteNameCollectionViewCell.swift in Sources */,
				B4E9319D1DFC96EE0030F906 /* Route.swift in Sources */,
				B43DBF751DF791D00069430F /* GoogleAPIWrapper.swift in Sources */,
			);
			runOnlyForDeploymentPostprocessing = 0;
		};
/* End PBXSourcesBuildPhase section */

/* Begin PBXVariantGroup section */
		B43DBF471DEE356F0069430F /* Main.storyboard */ = {
			isa = PBXVariantGroup;
			children = (
				B43DBF481DEE356F0069430F /* Base */,
			);
			name = Main.storyboard;
			sourceTree = "<group>";
		};
		B43DBF4F1DEE356F0069430F /* LaunchScreen.storyboard */ = {
			isa = PBXVariantGroup;
			children = (
				B43DBF501DEE356F0069430F /* Base */,
			);
			name = LaunchScreen.storyboard;
			sourceTree = "<group>";
		};
/* End PBXVariantGroup section */

/* Begin XCBuildConfiguration section */
		B43DBF531DEE356F0069430F /* Debug */ = {
			isa = XCBuildConfiguration;
			buildSettings = {
				ALWAYS_SEARCH_USER_PATHS = NO;
				CLANG_ANALYZER_NONNULL = YES;
				CLANG_CXX_LANGUAGE_STANDARD = "gnu++0x";
				CLANG_CXX_LIBRARY = "libc++";
				CLANG_ENABLE_MODULES = YES;
				CLANG_ENABLE_OBJC_ARC = YES;
				CLANG_WARN_BOOL_CONVERSION = YES;
				CLANG_WARN_CONSTANT_CONVERSION = YES;
				CLANG_WARN_DIRECT_OBJC_ISA_USAGE = YES_ERROR;
				CLANG_WARN_DOCUMENTATION_COMMENTS = YES;
				CLANG_WARN_EMPTY_BODY = YES;
				CLANG_WARN_ENUM_CONVERSION = YES;
				CLANG_WARN_INFINITE_RECURSION = YES;
				CLANG_WARN_INT_CONVERSION = YES;
				CLANG_WARN_OBJC_ROOT_CLASS = YES_ERROR;
				CLANG_WARN_SUSPICIOUS_MOVE = YES;
				CLANG_WARN_SUSPICIOUS_MOVES = YES;
				CLANG_WARN_UNREACHABLE_CODE = YES;
				CLANG_WARN__DUPLICATE_METHOD_MATCH = YES;
				"CODE_SIGN_IDENTITY[sdk=iphoneos*]" = "iPhone Developer";
				COPY_PHASE_STRIP = NO;
				DEBUG_INFORMATION_FORMAT = dwarf;
				ENABLE_STRICT_OBJC_MSGSEND = YES;
				ENABLE_TESTABILITY = YES;
				GCC_C_LANGUAGE_STANDARD = gnu99;
				GCC_DYNAMIC_NO_PIC = NO;
				GCC_NO_COMMON_BLOCKS = YES;
				GCC_OPTIMIZATION_LEVEL = 0;
				GCC_PREPROCESSOR_DEFINITIONS = (
					"DEBUG=1",
					"$(inherited)",
				);
				GCC_WARN_64_TO_32_BIT_CONVERSION = YES;
				GCC_WARN_ABOUT_RETURN_TYPE = YES_ERROR;
				GCC_WARN_UNDECLARED_SELECTOR = YES;
				GCC_WARN_UNINITIALIZED_AUTOS = YES_AGGRESSIVE;
				GCC_WARN_UNUSED_FUNCTION = YES;
				GCC_WARN_UNUSED_VARIABLE = YES;
				IPHONEOS_DEPLOYMENT_TARGET = 10.1;
				MTL_ENABLE_DEBUG_INFO = YES;
				ONLY_ACTIVE_ARCH = YES;
				SDKROOT = iphoneos;
				SWIFT_ACTIVE_COMPILATION_CONDITIONS = DEBUG;
				SWIFT_OPTIMIZATION_LEVEL = "-Onone";
				TARGETED_DEVICE_FAMILY = "1,2";
			};
			name = Debug;
		};
		B43DBF541DEE356F0069430F /* Release */ = {
			isa = XCBuildConfiguration;
			buildSettings = {
				ALWAYS_SEARCH_USER_PATHS = NO;
				CLANG_ANALYZER_NONNULL = YES;
				CLANG_CXX_LANGUAGE_STANDARD = "gnu++0x";
				CLANG_CXX_LIBRARY = "libc++";
				CLANG_ENABLE_MODULES = YES;
				CLANG_ENABLE_OBJC_ARC = YES;
				CLANG_WARN_BOOL_CONVERSION = YES;
				CLANG_WARN_CONSTANT_CONVERSION = YES;
				CLANG_WARN_DIRECT_OBJC_ISA_USAGE = YES_ERROR;
				CLANG_WARN_DOCUMENTATION_COMMENTS = YES;
				CLANG_WARN_EMPTY_BODY = YES;
				CLANG_WARN_ENUM_CONVERSION = YES;
				CLANG_WARN_INFINITE_RECURSION = YES;
				CLANG_WARN_INT_CONVERSION = YES;
				CLANG_WARN_OBJC_ROOT_CLASS = YES_ERROR;
				CLANG_WARN_SUSPICIOUS_MOVE = YES;
				CLANG_WARN_SUSPICIOUS_MOVES = YES;
				CLANG_WARN_UNREACHABLE_CODE = YES;
				CLANG_WARN__DUPLICATE_METHOD_MATCH = YES;
				"CODE_SIGN_IDENTITY[sdk=iphoneos*]" = "iPhone Developer";
				COPY_PHASE_STRIP = NO;
				DEBUG_INFORMATION_FORMAT = "dwarf-with-dsym";
				ENABLE_NS_ASSERTIONS = NO;
				ENABLE_STRICT_OBJC_MSGSEND = YES;
				GCC_C_LANGUAGE_STANDARD = gnu99;
				GCC_NO_COMMON_BLOCKS = YES;
				GCC_WARN_64_TO_32_BIT_CONVERSION = YES;
				GCC_WARN_ABOUT_RETURN_TYPE = YES_ERROR;
				GCC_WARN_UNDECLARED_SELECTOR = YES;
				GCC_WARN_UNINITIALIZED_AUTOS = YES_AGGRESSIVE;
				GCC_WARN_UNUSED_FUNCTION = YES;
				GCC_WARN_UNUSED_VARIABLE = YES;
				IPHONEOS_DEPLOYMENT_TARGET = 10.1;
				MTL_ENABLE_DEBUG_INFO = NO;
				SDKROOT = iphoneos;
				SWIFT_OPTIMIZATION_LEVEL = "-Owholemodule";
				TARGETED_DEVICE_FAMILY = "1,2";
				VALIDATE_PRODUCT = YES;
			};
			name = Release;
		};
		B43DBF561DEE356F0069430F /* Debug */ = {
			isa = XCBuildConfiguration;
			baseConfigurationReference = 794CACA256F2E341F3CB15C1 /* Pods-Cycl.debug.xcconfig */;
			buildSettings = {
				ALWAYS_EMBED_SWIFT_STANDARD_LIBRARIES = YES;
				ASSETCATALOG_COMPILER_APPICON_NAME = AppIcon;
				DEVELOPMENT_TEAM = CWG8663V7A;
				INFOPLIST_FILE = Cycl/Info.plist;
				LD_RUNPATH_SEARCH_PATHS = "$(inherited) @executable_path/Frameworks";
				PRODUCT_BUNDLE_IDENTIFIER = com.Alex.Cycl;
				PRODUCT_NAME = "$(TARGET_NAME)";
				SWIFT_VERSION = 3.0;
			};
			name = Debug;
		};
		B43DBF571DEE356F0069430F /* Release */ = {
			isa = XCBuildConfiguration;
			baseConfigurationReference = E4E6B9F172A256DD0CFCF2DF /* Pods-Cycl.release.xcconfig */;
			buildSettings = {
				ALWAYS_EMBED_SWIFT_STANDARD_LIBRARIES = YES;
				ASSETCATALOG_COMPILER_APPICON_NAME = AppIcon;
				DEVELOPMENT_TEAM = CWG8663V7A;
				INFOPLIST_FILE = Cycl/Info.plist;
				LD_RUNPATH_SEARCH_PATHS = "$(inherited) @executable_path/Frameworks";
				PRODUCT_BUNDLE_IDENTIFIER = com.Alex.Cycl;
				PRODUCT_NAME = "$(TARGET_NAME)";
				SWIFT_VERSION = 3.0;
			};
			name = Release;
		};
/* End XCBuildConfiguration section */

/* Begin XCConfigurationList section */
		B43DBF3B1DEE356F0069430F /* Build configuration list for PBXProject "Cycl" */ = {
			isa = XCConfigurationList;
			buildConfigurations = (
				B43DBF531DEE356F0069430F /* Debug */,
				B43DBF541DEE356F0069430F /* Release */,
			);
			defaultConfigurationIsVisible = 0;
			defaultConfigurationName = Release;
		};
		B43DBF551DEE356F0069430F /* Build configuration list for PBXNativeTarget "Cycl" */ = {
			isa = XCConfigurationList;
			buildConfigurations = (
				B43DBF561DEE356F0069430F /* Debug */,
				B43DBF571DEE356F0069430F /* Release */,
			);
			defaultConfigurationIsVisible = 0;
			defaultConfigurationName = Release;
		};
/* End XCConfigurationList section */

/* Begin XCVersionGroup section */
		B43DBF4A1DEE356F0069430F /* Cycl.xcdatamodeld */ = {
			isa = XCVersionGroup;
			children = (
				B43DBF4B1DEE356F0069430F /* Cycl.xcdatamodel */,
			);
			currentVersion = B43DBF4B1DEE356F0069430F /* Cycl.xcdatamodel */;
			path = Cycl.xcdatamodeld;
			sourceTree = "<group>";
			versionGroupType = wrapper.xcdatamodel;
		};
/* End XCVersionGroup section */
	};
	rootObject = B43DBF381DEE356F0069430F /* Project object */;
}
